
Microsoft Visual Studio Solution File, Format Version 11.00
# Visual Studio 2010
Project("{FAE04EC0-301F-11D3-BF4B-00C04F79EFBC}") = "Xnake", "Xnake\Xnake\Xnake.csproj", "{4ED49414-EC40-4B56-9B93-79FA4A951821}"
EndProject
Project("{96E2B04D-8817-42C6-938A-82C39BA4D311}") = "XnakeContent", "Xnake\XnakeContent\XnakeContent.contentproj", "{70500D50-FC68-4FE4-85E4-1C5FC0F1B6BE}"
EndProject
Global
	GlobalSection(SolutionConfigurationPlatforms) = preSolution
		Debug|x86 = Debug|x86
		Release|x86 = Release|x86
	EndGlobalSection
	GlobalSection(ProjectConfigurationPlatforms) = postSolution
		{4ED49414-EC40-4B56-9B93-79FA4A951821}.Debug|x86.ActiveCfg = Debug|x86
		{4ED49414-EC40-4B56-9B93-79FA4A951821}.Debug|x86.Build.0 = Debug|x86
		{4ED49414-EC40-4B56-9B93-79FA4A951821}.Release|x86.ActiveCfg = Release|x86
		{4ED49414-EC40-4B56-9B93-79FA4A951821}.Release|x86.Build.0 = Release|x86
		{70500D50-FC68-4FE4-85E4-1C5FC0F1B6BE}.Debug|x86.ActiveCfg = Debug|x86
		{70500D50-FC68-4FE4-85E4-1C5FC0F1B6BE}.Release|x86.ActiveCfg = Release|x86
	EndGlobalSection
	GlobalSection(SolutionProperties) = preSolution
		HideSolutionNode = FALSE
	EndGlobalSection
EndGlobal
